<Solution>
  <Folder Name="/src/">
    <Project Path="GoodHamburger.API/GoodHamburger.API.csproj" />
    <Project Path="GoodHamburger.Application/GoodHamburger.Application.csproj" />
    <Project Path="GoodHamburger.Blazor/GoodHamburger.Blazor.csproj" />
    <Project Path="GoodHamburger.Domain/GoodHamburger.Domain.csproj" />
    <Project Path="GoodHamburger.Infrastructure/GoodHamburger.Infrastructure.csproj" />
  </Folder>
  <Folder Name="/testes/">
    <Project Path="GoodHamburger.IntegrationTests/GoodHamburger.IntegrationTests.csproj" Id="4405e898-dd02-4a4f-a4ec-8697f31a88d9" />
    <Project Path="GoodHamburger.UnitTests/GoodHamburger.UnitTests.csproj" Id="560c7f44-e76f-4497-b60f-5f3805282eef" />
  </Folder>
</Solution>
